// !$*UTF8*$!
{
	archiveVersion = 1;
	classes = {
	};
	objectVersion = 46;
	objects = {

/* Begin PBXBuildFile section */
		988C289D51C469EF1CC75027 /* libPods-WKWebView.a in Frameworks */ = {isa = PBXBuildFile; fileRef = 535511222A2B6E277F7C4B97 /* libPods-WKWebView.a */; };
		A2787DB11D620F7500B05270 /* main.m in Sources */ = {isa = PBXBuildFile; fileRef = A2787DB01D620F7500B05270 /* main.m */; };
		A2787DB41D620F7500B05270 /* AppDelegate.m in Sources */ = {isa = PBXBuildFile; fileRef = A2787DB31D620F7500B05270 /* AppDelegate.m */; };
		A2787DBC1D620F7500B05270 /* Assets.xcassets in Resources */ = {isa = PBXBuildFile; fileRef = A2787DBB1D620F7500B05270 /* Assets.xcassets */; };
		A2787DBF1D620F7500B05270 /* LaunchScreen.storyboard in Resources */ = {isa = PBXBuildFile; fileRef = A2787DBD1D620F7500B05270 /* LaunchScreen.storyboard */; };
		A2787DC91D620FD700B05270 /* RootViewController.m in Sources */ = {isa = PBXBuildFile; fileRef = A2787DC71D620FD700B05270 /* RootViewController.m */; };
		A2787DCA1D620FD700B05270 /* RootViewController.xib in Resources */ = {isa = PBXBuildFile; fileRef = A2787DC81D620FD700B05270 /* RootViewController.xib */; };
		A2787DCE1D62111100B05270 /* WKWebViewController.m in Sources */ = {isa = PBXBuildFile; fileRef = A2787DCD1D62111100B05270 /* WKWebViewController.m */; };
		A2787DD11D62112C00B05270 /* WKTopBarView.m in Sources */ = {isa = PBXBuildFile; fileRef = A2787DD01D62112C00B05270 /* WKTopBarView.m */; };
		A2787DD41D62114700B05270 /* WKTopBarInfo.m in Sources */ = {isa = PBXBuildFile; fileRef = A2787DD31D62114700B05270 /* WKTopBarInfo.m */; };
/* End PBXBuildFile section */

/* Begin PBXFileReference section */
		3AA24135DB1C79C48CF50302 /* Pods-WKWebView.debug.xcconfig */ = {isa = PBXFileReference; includeInIndex = 1; lastKnownFileType = text.xcconfig; name = "Pods-WKWebView.debug.xcconfig"; path = "Pods/Target Support Files/Pods-WKWebView/Pods-WKWebView.debug.xcconfig"; sourceTree = "<group>"; };
		535511222A2B6E277F7C4B97 /* libPods-WKWebView.a */ = {isa = PBXFileReference; explicitFileType = archive.ar; includeInIndex = 0; path = "libPods-WKWebView.a"; sourceTree = BUILT_PRODUCTS_DIR; };
		A2787DAC1D620F7500B05270 /* WKWebView.app */ = {isa = PBXFileReference; explicitFileType = wrapper.application; includeInIndex = 0; path = WKWebView.app; sourceTree = BUILT_PRODUCTS_DIR; };
		A2787DB01D620F7500B05270 /* main.m */ = {isa = PBXFileReference; lastKnownFileType = sourcecode.c.objc; path = main.m; sourceTree = "<group>"; };
		A2787DB21D620F7500B05270 /* AppDelegate.h */ = {isa = PBXFileReference; lastKnownFileType = sourcecode.c.h; path = AppDelegate.h; sourceTree = "<group>"; };
		A2787DB31D620F7500B05270 /* AppDelegate.m */ = {isa = PBXFileReference; lastKnownFileType = sourcecode.c.objc; path = AppDelegate.m; sourceTree = "<group>"; };
		A2787DBB1D620F7500B05270 /* Assets.xcassets */ = {isa = PBXFileReference; lastKnownFileType = folder.assetcatalog; path = Assets.xcassets; sourceTree = "<group>"; };
		A2787DBE1D620F7500B05270 /* Base */ = {isa = PBXFileReference; lastKnownFileType = file.storyboard; name = Base; path = Base.lproj/LaunchScreen.storyboard; sourceTree = "<group>"; };
		A2787DC01D620F7500B05270 /* Info.plist */ = {isa = PBXFileReference; lastKnownFileType = text.plist.xml; path = Info.plist; sourceTree = "<group>"; };
		A2787DC61D620FD700B05270 /* RootViewController.h */ = {isa = PBXFileReference; fileEncoding = 4; lastKnownFileType = sourcecode.c.h; path = RootViewController.h; sourceTree = "<group>"; };
		A2787DC71D620FD700B05270 /* RootViewController.m */ = {isa = PBXFileReference; fileEncoding = 4; lastKnownFileType = sourcecode.c.objc; path = RootViewController.m; sourceTree = "<group>"; };
		A2787DC81D620FD700B05270 /* RootViewController.xib */ = {isa = PBXFileReference; fileEncoding = 4; lastKnownFileType = file.xib; path = RootViewController.xib; sourceTree = "<group>"; };
		A2787DCC1D62111100B05270 /* WKWebViewController.h */ = {isa = PBXFileReference; fileEncoding = 4; lastKnownFileType = sourcecode.c.h; path = WKWebViewController.h; sourceTree = "<group>"; };
		A2787DCD1D62111100B05270 /* WKWebViewController.m */ = {isa = PBXFileReference; fileEncoding = 4; lastKnownFileType = sourcecode.c.objc; path = WKWebViewController.m; sourceTree = "<group>"; };
		A2787DCF1D62112C00B05270 /* WKTopBarView.h */ = {isa = PBXFileReference; fileEncoding = 4; lastKnownFileType = sourcecode.c.h; path = WKTopBarView.h; sourceTree = "<group>"; };
		A2787DD01D62112C00B05270 /* WKTopBarView.m */ = {isa = PBXFileReference; fileEncoding = 4; lastKnownFileType = sourcecode.c.objc; path = WKTopBarView.m; sourceTree = "<group>"; };
		A2787DD21D62114700B05270 /* WKTopBarInfo.h */ = {isa = PBXFileReference; fileEncoding = 4; lastKnownFileType = sourcecode.c.h; path = WKTopBarInfo.h; sourceTree = "<group>"; };
		A2787DD31D62114700B05270 /* WKTopBarInfo.m */ = {isa = PBXFileReference; fileEncoding = 4; lastKnownFileType = sourcecode.c.objc; path = WKTopBarInfo.m; sourceTree = "<group>"; };
		FEB917A490FF88FB907F5CFB /* Pods-WKWebView.release.xcconfig */ = {isa = PBXFileReference; includeInIndex = 1; lastKnownFileType = text.xcconfig; name = "Pods-WKWebView.release.xcconfig"; path = "Pods/Target Support Files/Pods-WKWebView/Pods-WKWebView.release.xcconfig"; sourceTree = "<group>"; };
/* End PBXFileReference section */

/* Begin PBXFrameworksBuildPhase section */
		A2787DA91D620F7500B05270 /* Frameworks */ = {
			isa = PBXFrameworksBuildPhase;
			buildActionMask = 2147483647;
			files = (
				988C289D51C469EF1CC75027 /* libPods-WKWebView.a in Frameworks */,
			);
			runOnlyForDeploymentPostprocessing = 0;
		};
/* End PBXFrameworksBuildPhase section */

/* Begin PBXGroup section */
		1A7CF86457E59690F00CDC2A /* Frameworks */ = {
			isa = PBXGroup;
			children = (
				535511222A2B6E277F7C4B97 /* libPods-WKWebView.a */,
			);
			name = Frameworks;
			sourceTree = "<group>";
		};
		27C830EE535AF2A0093191F8 /* Pods */ = {
			isa = PBXGroup;
			children = (
				3AA24135DB1C79C48CF50302 /* Pods-WKWebView.debug.xcconfig */,
				FEB917A490FF88FB907F5CFB /* Pods-WKWebView.release.xcconfig */,
			);
			name = Pods;
			sourceTree = "<group>";
		};
		A2787DA31D620F7500B05270 = {
			isa = PBXGroup;
			children = (
				A2787DAE1D620F7500B05270 /* WKWebView */,
				A2787DAD1D620F7500B05270 /* Products */,
				27C830EE535AF2A0093191F8 /* Pods */,
				1A7CF86457E59690F00CDC2A /* Frameworks */,
			);
			sourceTree = "<group>";
		};
		A2787DAD1D620F7500B05270 /* Products */ = {
			isa = PBXGroup;
			children = (
				A2787DAC1D620F7500B05270 /* WKWebView.app */,
			);
			name = Products;
			sourceTree = "<group>";
		};
		A2787DAE1D620F7500B05270 /* WKWebView */ = {
			isa = PBXGroup;
			children = (
				A2787DB21D620F7500B05270 /* AppDelegate.h */,
				A2787DB31D620F7500B05270 /* AppDelegate.m */,
				A2787DC61D620FD700B05270 /* RootViewController.h */,
				A2787DC71D620FD700B05270 /* RootViewController.m */,
				A2787DC81D620FD700B05270 /* RootViewController.xib */,
				A2787DCB1D620FEC00B05270 /* WKWebView */,
				A2787DAF1D620F7500B05270 /* Supporting Files */,
			);
			path = WKWebView;
			sourceTree = "<group>";
		};
		A2787DAF1D620F7500B05270 /* Supporting Files */ = {
			isa = PBXGroup;
			children = (
				A2787DBB1D620F7500B05270 /* Assets.xcassets */,
				A2787DBD1D620F7500B05270 /* LaunchScreen.storyboard */,
				A2787DC01D620F7500B05270 /* Info.plist */,
				A2787DB01D620F7500B05270 /* main.m */,
			);
			name = "Supporting Files";
			sourceTree = "<group>";
		};
		A2787DCB1D620FEC00B05270 /* WKWebView */ = {
			isa = PBXGroup;
			children = (
				A2787DCC1D62111100B05270 /* WKWebViewController.h */,
				A2787DCD1D62111100B05270 /* WKWebViewController.m */,
				A2787DCF1D62112C00B05270 /* WKTopBarView.h */,
				A2787DD01D62112C00B05270 /* WKTopBarView.m */,
				A2787DD21D62114700B05270 /* WKTopBarInfo.h */,
				A2787DD31D62114700B05270 /* WKTopBarInfo.m */,
			);
			path = WKWebView;
			sourceTree = "<group>";
		};
/* End PBXGroup section */

/* Begin PBXNativeTarget section */
		A2787DAB1D620F7500B05270 /* WKWebView */ = {
			isa = PBXNativeTarget;
			buildConfigurationList = A2787DC31D620F7500B05270 /* Build configuration list for PBXNativeTarget "WKWebView" */;
			buildPhases = (
				A4A9E496E2472FD57725A069 /* [CP] Check Pods Manifest.lock */,
				A2787DA81D620F7500B05270 /* Sources */,
				A2787DA91D620F7500B05270 /* Frameworks */,
				A2787DAA1D620F7500B05270 /* Resources */,
				FA8839E277CC5EA13EC62138 /* [CP] Embed Pods Frameworks */,
				45631F6053308E7E4FE91D31 /* [CP] Copy Pods Resources */,
			);
			buildRules = (
			);
			dependencies = (
			);
			name = WKWebView;
			productName = WKWebView;
			productReference = A2787DAC1D620F7500B05270 /* WKWebView.app */;
			productType = "com.apple.product-type.application";
		};
/* End PBXNativeTarget section */

/* Begin PBXProject section */
		A2787DA41D620F7500B05270 /* Project object */ = {
			isa = PBXProject;
			attributes = {
				LastUpgradeCheck = 0730;
				ORGANIZATIONNAME = kkk;
				TargetAttributes = {
					A2787DAB1D620F7500B05270 = {
						CreatedOnToolsVersion = 7.3;
					};
				};
			};
			buildConfigurationList = A2787DA71D620F7500B05270 /* Build configuration list for PBXProject "WKWebView" */;
			compatibilityVersion = "Xcode 3.2";
			developmentRegion = English;
			hasScannedForEncodings = 0;
			knownRegions = (
				en,
				Base,
			);
			mainGroup = A2787DA31D620F7500B05270;
			productRefGroup = A2787DAD1D620F7500B05270 /* Products */;
			projectDirPath = "";
			projectRoot = "";
			targets = (
				A2787DAB1D620F7500B05270 /* WKWebView */,
			);
		};
/* End PBXProject section */

/* Begin PBXResourcesBuildPhase section */
		A2787DAA1D620F7500B05270 /* Resources */ = {
			isa = PBXResourcesBuildPhase;
			buildActionMask = 2147483647;
			files = (
				A2787DBF1D620F7500B05270 /* LaunchScreen.storyboard in Resources */,
				A2787DBC1D620F7500B05270 /* Assets.xcassets in Resources */,
				A2787DCA1D620FD700B05270 /* RootViewController.xib in Resources */,
			);
			runOnlyForDeploymentPostprocessing = 0;
		};
/* End PBXResourcesBuildPhase section */

/* Begin PBXShellScriptBuildPhase section */
		45631F6053308E7E4FE91D31 /* [CP] Copy Pods Resources */ = {
			isa = PBXShellScriptBuildPhase;
			buildActionMask = 2147483647;
			files = (
			);
			inputPaths = (
			);
			name = "[CP] Copy Pods Resources";
			outputPaths = (
			);
			runOnlyForDeploymentPostprocessing = 0;
			shellPath = /bin/sh;
			shellScript = "\"${SRCROOT}/Pods/Target Support Files/Pods-WKWebView/Pods-WKWebView-resources.sh\"\n";
			showEnvVarsInLog = 0;
		};
		A4A9E496E2472FD57725A069 /* [CP] Check Pods Manifest.lock */ = {
			isa = PBXShellScriptBuildPhase;
			buildActionMask = 2147483647;
			files = (
			);
			inputPaths = (
			);
			name = "[CP] Check Pods Manifest.lock";
			outputPaths = (
			);
			runOnlyForDeploymentPostprocessing = 0;
			shellPath = /bin/sh;
			shellScript = "diff \"${PODS_ROOT}/../Podfile.lock\" \"${PODS_ROOT}/Manifest.lock\" > /dev/null\nif [[ $? != 0 ]] ; then\n    cat << EOM\nerror: The sandbox is not in sync with the Podfile.lock. Run 'pod install' or update your CocoaPods installation.\nEOM\n    exit 1\nfi\n";
			showEnvVarsInLog = 0;
		};
		FA8839E277CC5EA13EC62138 /* [CP] Embed Pods Frameworks */ = {
			isa = PBXShellScriptBuildPhase;
			buildActionMask = 2147483647;
			files = (
			);
			inputPaths = (
			);
			name = "[CP] Embed Pods Frameworks";
			outputPaths = (
			);
			runOnlyForDeploymentPostprocessing = 0;
			shellPath = /bin/sh;
			shellScript = "\"${SRCROOT}/Pods/Target Support Files/Pods-WKWebView/Pods-WKWebView-frameworks.sh\"\n";
			showEnvVarsInLog = 0;
		};
/* End PBXShellScriptBuildPhase section */

/* Begin PBXSourcesBuildPhase section */
		A2787DA81D620F7500B05270 /* Sources */ = {
			isa = PBXSourcesBuildPhase;
			buildActionMask = 2147483647;
			files = (
				A2787DB41D620F7500B05270 /* AppDelegate.m in Sources */,
				A2787DB11D620F7500B05270 /* main.m in Sources */,
				A2787DC91D620FD700B05270 /* RootViewController.m in Sources */,
				A2787DD41D62114700B05270 /* WKTopBarInfo.m in Sources */,
				A2787DCE1D62111100B05270 /* WKWebViewController.m in Sources */,
				A2787DD11D62112C00B05270 /* WKTopBarView.m in Sources */,
			);
			runOnlyForDeploymentPostprocessing = 0;
		};
/* End PBXSourcesBuildPhase section */

/* Begin PBXVariantGroup section */
		A2787DBD1D620F7500B05270 /* LaunchScreen.storyboard */ = {
			isa = PBXVariantGroup;
			children = (
				A2787DBE1D620F7500B05270 /* Base */,
			);
			name = LaunchScreen.storyboard;
			sourceTree = "<group>";
		};
/* End PBXVariantGroup section */

/* Begin XCBuildConfiguration section */
		A2787DC11D620F7500B05270 /* Debug */ = {
			isa = XCBuildConfiguration;
			buildSettings = {
				ALWAYS_SEARCH_USER_PATHS = NO;
				CLANG_ANALYZER_NONNULL = YES;
				CLANG_CXX_LANGUAGE_STANDARD = "gnu++0x";
				CLANG_CXX_LIBRARY = "libc++";
				CLANG_ENABLE_MODULES = YES;
				CLANG_ENABLE_OBJC_ARC = YES;
				CLANG_WARN_BOOL_CONVERSION = YES;
				CLANG_WARN_CONSTANT_CONVERSION = YES;
				CLANG_WARN_DIRECT_OBJC_ISA_USAGE = YES_ERROR;
				CLANG_WARN_EMPTY_BODY = YES;
				CLANG_WARN_ENUM_CONVERSION = YES;
				CLANG_WARN_INT_CONVERSION = YES;
				CLANG_WARN_OBJC_ROOT_CLASS = YES_ERROR;
				CLANG_WARN_UNREACHABLE_CODE = YES;
				CLANG_WARN__DUPLICATE_METHOD_MATCH = YES;
				"CODE_SIGN_IDENTITY[sdk=iphoneos*]" = "iPhone Developer";
				COPY_PHASE_STRIP = NO;
				DEBUG_INFORMATION_FORMAT = dwarf;
				ENABLE_STRICT_OBJC_MSGSEND = YES;
				ENABLE_TESTABILITY = YES;
				GCC_C_LANGUAGE_STANDARD = gnu99;
				GCC_DYNAMIC_NO_PIC = NO;
				GCC_NO_COMMON_BLOCKS = YES;
				GCC_OPTIMIZATION_LEVEL = 0;
				GCC_PREPROCESSOR_DEFINITIONS = (
					"DEBUG=1",
					"$(inherited)",
				);
				GCC_WARN_64_TO_32_BIT_CONVERSION = YES;
				GCC_WARN_ABOUT_RETURN_TYPE = YES_ERROR;
				GCC_WARN_UNDECLARED_SELECTOR = YES;
				GCC_WARN_UNINITIALIZED_AUTOS = YES_AGGRESSIVE;
				GCC_WARN_UNUSED_FUNCTION = YES;
				GCC_WARN_UNUSED_VARIABLE = YES;
				IPHONEOS_DEPLOYMENT_TARGET = 9.3;
				MTL_ENABLE_DEBUG_INFO = YES;
				ONLY_ACTIVE_ARCH = YES;
				SDKROOT = iphoneos;
				TARGETED_DEVICE_FAMILY = "1,2";
			};
			name = Debug;
		};
		A2787DC21D620F7500B05270 /* Release */ = {
			isa = XCBuildConfiguration;
			buildSettings = {
				ALWAYS_SEARCH_USER_PATHS = NO;
				CLANG_ANALYZER_NONNULL = YES;
				CLANG_CXX_LANGUAGE_STANDARD = "gnu++0x";
				CLANG_CXX_LIBRARY = "libc++";
				CLANG_ENABLE_MODULES = YES;
				CLANG_ENABLE_OBJC_ARC = YES;
				CLANG_WARN_BOOL_CONVERSION = YES;
				CLANG_WARN_CONSTANT_CONVERSION = YES;
				CLANG_WARN_DIRECT_OBJC_ISA_USAGE = YES_ERROR;
				CLANG_WARN_EMPTY_BODY = YES;
				CLANG_WARN_ENUM_CONVERSION = YES;
				CLANG_WARN_INT_CONVERSION = YES;
				CLANG_WARN_OBJC_ROOT_CLASS = YES_ERROR;
				CLANG_WARN_UNREACHABLE_CODE = YES;
				CLANG_WARN__DUPLICATE_METHOD_MATCH = YES;
				"CODE_SIGN_IDENTITY[sdk=iphoneos*]" = "iPhone Developer";
				COPY_PHASE_STRIP = NO;
				DEBUG_INFORMATION_FORMAT = "dwarf-with-dsym";
				ENABLE_NS_ASSERTIONS = NO;
				ENABLE_STRICT_OBJC_MSGSEND = YES;
				GCC_C_LANGUAGE_STANDARD = gnu99;
				GCC_NO_COMMON_BLOCKS = YES;
				GCC_WARN_64_TO_32_BIT_CONVERSION = YES;
				GCC_WARN_ABOUT_RETURN_TYPE = YES_ERROR;
				GCC_WARN_UNDECLARED_SELECTOR = YES;
				GCC_WARN_UNINITIALIZED_AUTOS = YES_AGGRESSIVE;
				GCC_WARN_UNUSED_FUNCTION = YES;
				GCC_WARN_UNUSED_VARIABLE = YES;
				IPHONEOS_DEPLOYMENT_TARGET = 9.3;
				MTL_ENABLE_DEBUG_INFO = NO;
				SDKROOT = iphoneos;
				TARGETED_DEVICE_FAMILY = "1,2";
				VALIDATE_PRODUCT = YES;
			};
			name = Release;
		};
		A2787DC41D620F7500B05270 /* Debug */ = {
			isa = XCBuildConfiguration;
			baseConfigurationReference = 3AA24135DB1C79C48CF50302 /* Pods-WKWebView.debug.xcconfig */;
			buildSettings = {
				ASSETCATALOG_COMPILER_APPICON_NAME = AppIcon;
				INFOPLIST_FILE = WKWebView/Info.plist;
				IPHONEOS_DEPLOYMENT_TARGET = 8.0;
				LD_RUNPATH_SEARCH_PATHS = "$(inherited) @executable_path/Frameworks";
				PRODUCT_BUNDLE_IDENTIFIER = kkk.WKWebView;
				PRODUCT_NAME = "$(TARGET_NAME)";
			};
			name = Debug;
		};
		A2787DC51D620F7500B05270 /* Release */ = {
			isa = XCBuildConfiguration;
			baseConfigurationReference = FEB917A490FF88FB907F5CFB /* Pods-WKWebView.release.xcconfig */;
			buildSettings = {
				ASSETCATALOG_COMPILER_APPICON_NAME = AppIcon;
				INFOPLIST_FILE = WKWebView/Info.plist;
				IPHONEOS_DEPLOYMENT_TARGET = 8.0;
				LD_RUNPATH_SEARCH_PATHS = "$(inherited) @executable_path/Frameworks";
				PRODUCT_BUNDLE_IDENTIFIER = kkk.WKWebView;
				PRODUCT_NAME = "$(TARGET_NAME)";
			};
			name = Release;
		};
/* End XCBuildConfiguration section */

/* Begin XCConfigurationList section */
		A2787DA71D620F7500B05270 /* Build configuration list for PBXProject "WKWebView" */ = {
			isa = XCConfigurationList;
			buildConfigurations = (
				A2787DC11D620F7500B05270 /* Debug */,
				A2787DC21D620F7500B05270 /* Release */,
			);
			defaultConfigurationIsVisible = 0;
			defaultConfigurationName = Release;
		};
		A2787DC31D620F7500B05270 /* Build configuration list for PBXNativeTarget "WKWebView" */ = {
			isa = XCConfigurationList;
			buildConfigurations = (
				A2787DC41D620F7500B05270 /* Debug */,
				A2787DC51D620F7500B05270 /* Release */,
			);
			defaultConfigurationIsVisible = 0;
			defaultConfigurationName = Release;
		};
/* End XCConfigurationList section */
	};
	rootObject = A2787DA41D620F7500B05270 /* Project object */;
}
